
Microsoft Visual Studio Solution File, Format Version 12.00
# Visual Studio Version 17
VisualStudioVersion = 17.3.32929.385
MinimumVisualStudioVersion = 10.0.40219.1
Project("{9A19103F-16F7-4668-BE54-9A1E7A4F7556}") = "WildcardSearcher.WPF", "WildcardSearcher.WPF\WildcardSearcher.WPF.csproj", "{3063ADF7-D496-4580-9D20-F36DF81C1E82}"
EndProject
Project("{9A19103F-16F7-4668-BE54-9A1E7A4F7556}") = "WildcardSearcher.Tests", "WildcardSearcher.Tests\WildcardSearcher.Tests.csproj", "{5FECD4EE-0357-4E2A-8788-EB09CC605185}"
EndProject
Project("{9A19103F-16F7-4668-BE54-9A1E7A4F7556}") = "WildcardSearcher.Common", "WildcardSearcher.Common\WildcardSearcher.Common.csproj", "{51E48AE7-75C4-4829-A9D3-977CF23CF3BF}"
EndProject
Project("{9A19103F-16F7-4668-BE54-9A1E7A4F7556}") = "WildcardSearcher.Lucene", "WildcardSearcher.Lucene\WildcardSearcher.Lucene.csproj", "{8CE2C98A-D436-4FE0-8A96-52B6F485399E}"
EndProject
Global
	GlobalSection(SolutionConfigurationPlatforms) = preSolution
		Debug|Any CPU = Debug|Any CPU
		Release|Any CPU = Release|Any CPU
	EndGlobalSection
	GlobalSection(ProjectConfigurationPlatforms) = postSolution
		{3063ADF7-D496-4580-9D20-F36DF81C1E82}.Debug|Any CPU.ActiveCfg = Debug|Any CPU
		{3063ADF7-D496-4580-9D20-F36DF81C1E82}.Debug|Any CPU.Build.0 = Debug|Any CPU
		{3063ADF7-D496-4580-9D20-F36DF81C1E82}.Release|Any CPU.ActiveCfg = Release|Any CPU
		{3063ADF7-D496-4580-9D20-F36DF81C1E82}.Release|Any CPU.Build.0 = Release|Any CPU
		{5FECD4EE-0357-4E2A-8788-EB09CC605185}.Debug|Any CPU.ActiveCfg = Debug|Any CPU
		{5FECD4EE-0357-4E2A-8788-EB09CC605185}.Debug|Any CPU.Build.0 = Debug|Any CPU
		{5FECD4EE-0357-4E2A-8788-EB09CC605185}.Release|Any CPU.ActiveCfg = Release|Any CPU
		{5FECD4EE-0357-4E2A-8788-EB09CC605185}.Release|Any CPU.Build.0 = Release|Any CPU
		{51E48AE7-75C4-4829-A9D3-977CF23CF3BF}.Debug|Any CPU.ActiveCfg = Debug|Any CPU
		{51E48AE7-75C4-4829-A9D3-977CF23CF3BF}.Debug|Any CPU.Build.0 = Debug|Any CPU
		{51E48AE7-75C4-4829-A9D3-977CF23CF3BF}.Release|Any CPU.ActiveCfg = Release|Any CPU
		{51E48AE7-75C4-4829-A9D3-977CF23CF3BF}.Release|Any CPU.Build.0 = Release|Any CPU
		{8CE2C98A-D436-4FE0-8A96-52B6F485399E}.Debug|Any CPU.ActiveCfg = Debug|Any CPU
		{8CE2C98A-D436-4FE0-8A96-52B6F485399E}.Debug|Any CPU.Build.0 = Debug|Any CPU
		{8CE2C98A-D436-4FE0-8A96-52B6F485399E}.Release|Any CPU.ActiveCfg = Release|Any CPU
		{8CE2C98A-D436-4FE0-8A96-52B6F485399E}.Release|Any CPU.Build.0 = Release|Any CPU
	EndGlobalSection
	GlobalSection(SolutionProperties) = preSolution
		HideSolutionNode = FALSE
	EndGlobalSection
	GlobalSection(ExtensibilityGlobals) = postSolution
		SolutionGuid = {B971545D-1181-4C2B-978C-EE9C097F72CC}
	EndGlobalSection
EndGlobal
